
Microsoft Visual Studio Solution File, Format Version 12.00
# Visual Studio 14
VisualStudioVersion = 14.0.24720.0
MinimumVisualStudioVersion = 10.0.40219.1
Project("{FAE04EC0-301F-11D3-BF4B-00C04F79EFBC}") = "TextBox", "TextBox\TextBox.csproj", "{E85473D0-529C-4965-9BB4-DF0D252951B6}"
EndProject
Project("{FAE04EC0-301F-11D3-BF4B-00C04F79EFBC}") = "TextBlock", "TextBlock\TextBlock.csproj", "{10722935-28EA-4CB9-9A67-5F9EF796A358}"
EndProject
Project("{FAE04EC0-301F-11D3-BF4B-00C04F79EFBC}") = "RichEditBox", "RichEditBox\RichEditBox.csproj", "{A3B5BB0B-8607-4915-B613-1DD4B615F52E}"
EndProject
Project("{FAE04EC0-301F-11D3-BF4B-00C04F79EFBC}") = "ToggleButton", "ToggleButton\ToggleButton.csproj", "{7D1B874B-59B4-47B4-86E5-30DF4F877F8A}"
EndProject
Project("{FAE04EC0-301F-11D3-BF4B-00C04F79EFBC}") = "Buttons", "Buttons\Buttons.csproj", "{F3BDF2BB-E625-4026-A879-5C82CBEB0D71}"
EndProject
Project("{FAE04EC0-301F-11D3-BF4B-00C04F79EFBC}") = "ComboBox", "ComboBox\ComboBox.csproj", "{C37CA862-D474-4606-96A9-6D2889783731}"
EndProject
Project("{FAE04EC0-301F-11D3-BF4B-00C04F79EFBC}") = "ListView", "ListView\ListView.csproj", "{F3214CE1-55C0-4389-927D-53942E89E81F}"
EndProject
Project("{FAE04EC0-301F-11D3-BF4B-00C04F79EFBC}") = "GridView", "GridView\GridView.csproj", "{44B47FE1-C73E-4E22-A623-81873C13089C}"
EndProject
Project("{FAE04EC0-301F-11D3-BF4B-00C04F79EFBC}") = "AppBar", "AppBar\AppBar.csproj", "{E902D29E-4E30-474F-8226-B86C66C6903D}"
EndProject
Project("{FAE04EC0-301F-11D3-BF4B-00C04F79EFBC}") = "PopupMenu", "PopupMenu\PopupMenu.csproj", "{74188286-5844-49C1-B193-DC664E91A163}"
EndProject
Project("{FAE04EC0-301F-11D3-BF4B-00C04F79EFBC}") = "ProgressBar", "ProgressBar\ProgressBar.csproj", "{542C9664-B9BE-4A08-B6A0-D17DC15F4B55}"
EndProject
Global
	GlobalSection(SolutionConfigurationPlatforms) = preSolution
		Debug|ARM = Debug|ARM
		Debug|x64 = Debug|x64
		Debug|x86 = Debug|x86
		Release|ARM = Release|ARM
		Release|x64 = Release|x64
		Release|x86 = Release|x86
	EndGlobalSection
	GlobalSection(ProjectConfigurationPlatforms) = postSolution
		{E85473D0-529C-4965-9BB4-DF0D252951B6}.Debug|ARM.ActiveCfg = Debug|ARM
		{E85473D0-529C-4965-9BB4-DF0D252951B6}.Debug|ARM.Build.0 = Debug|ARM
		{E85473D0-529C-4965-9BB4-DF0D252951B6}.Debug|ARM.Deploy.0 = Debug|ARM
		{E85473D0-529C-4965-9BB4-DF0D252951B6}.Debug|x64.ActiveCfg = Debug|x64
		{E85473D0-529C-4965-9BB4-DF0D252951B6}.Debug|x64.Build.0 = Debug|x64
		{E85473D0-529C-4965-9BB4-DF0D252951B6}.Debug|x64.Deploy.0 = Debug|x64
		{E85473D0-529C-4965-9BB4-DF0D252951B6}.Debug|x86.ActiveCfg = Debug|x86
		{E85473D0-529C-4965-9BB4-DF0D252951B6}.Debug|x86.Build.0 = Debug|x86
		{E85473D0-529C-4965-9BB4-DF0D252951B6}.Debug|x86.Deploy.0 = Debug|x86
		{E85473D0-529C-4965-9BB4-DF0D252951B6}.Release|ARM.ActiveCfg = Release|ARM
		{E85473D0-529C-4965-9BB4-DF0D252951B6}.Release|ARM.Build.0 = Release|ARM
		{E85473D0-529C-4965-9BB4-DF0D252951B6}.Release|ARM.Deploy.0 = Release|ARM
		{E85473D0-529C-4965-9BB4-DF0D252951B6}.Release|x64.ActiveCfg = Release|x64
		{E85473D0-529C-4965-9BB4-DF0D252951B6}.Release|x64.Build.0 = Release|x64
		{E85473D0-529C-4965-9BB4-DF0D252951B6}.Release|x64.Deploy.0 = Release|x64
		{E85473D0-529C-4965-9BB4-DF0D252951B6}.Release|x86.ActiveCfg = Release|x86
		{E85473D0-529C-4965-9BB4-DF0D252951B6}.Release|x86.Build.0 = Release|x86
		{E85473D0-529C-4965-9BB4-DF0D252951B6}.Release|x86.Deploy.0 = Release|x86
		{10722935-28EA-4CB9-9A67-5F9EF796A358}.Debug|ARM.ActiveCfg = Debug|ARM
		{10722935-28EA-4CB9-9A67-5F9EF796A358}.Debug|ARM.Build.0 = Debug|ARM
		{10722935-28EA-4CB9-9A67-5F9EF796A358}.Debug|ARM.Deploy.0 = Debug|ARM
		{10722935-28EA-4CB9-9A67-5F9EF796A358}.Debug|x64.ActiveCfg = Debug|x64
		{10722935-28EA-4CB9-9A67-5F9EF796A358}.Debug|x64.Build.0 = Debug|x64
		{10722935-28EA-4CB9-9A67-5F9EF796A358}.Debug|x64.Deploy.0 = Debug|x64
		{10722935-28EA-4CB9-9A67-5F9EF796A358}.Debug|x86.ActiveCfg = Debug|x86
		{10722935-28EA-4CB9-9A67-5F9EF796A358}.Debug|x86.Build.0 = Debug|x86
		{10722935-28EA-4CB9-9A67-5F9EF796A358}.Debug|x86.Deploy.0 = Debug|x86
		{10722935-28EA-4CB9-9A67-5F9EF796A358}.Release|ARM.ActiveCfg = Release|ARM
		{10722935-28EA-4CB9-9A67-5F9EF796A358}.Release|ARM.Build.0 = Release|ARM
		{10722935-28EA-4CB9-9A67-5F9EF796A358}.Release|ARM.Deploy.0 = Release|ARM
		{10722935-28EA-4CB9-9A67-5F9EF796A358}.Release|x64.ActiveCfg = Release|x64
		{10722935-28EA-4CB9-9A67-5F9EF796A358}.Release|x64.Build.0 = Release|x64
		{10722935-28EA-4CB9-9A67-5F9EF796A358}.Release|x64.Deploy.0 = Release|x64
		{10722935-28EA-4CB9-9A67-5F9EF796A358}.Release|x86.ActiveCfg = Release|x86
		{10722935-28EA-4CB9-9A67-5F9EF796A358}.Release|x86.Build.0 = Release|x86
		{10722935-28EA-4CB9-9A67-5F9EF796A358}.Release|x86.Deploy.0 = Release|x86
		{A3B5BB0B-8607-4915-B613-1DD4B615F52E}.Debug|ARM.ActiveCfg = Debug|ARM
		{A3B5BB0B-8607-4915-B613-1DD4B615F52E}.Debug|ARM.Build.0 = Debug|ARM
		{A3B5BB0B-8607-4915-B613-1DD4B615F52E}.Debug|ARM.Deploy.0 = Debug|ARM
		{A3B5BB0B-8607-4915-B613-1DD4B615F52E}.Debug|x64.ActiveCfg = Debug|x64
		{A3B5BB0B-8607-4915-B613-1DD4B615F52E}.Debug|x64.Build.0 = Debug|x64
		{A3B5BB0B-8607-4915-B613-1DD4B615F52E}.Debug|x64.Deploy.0 = Debug|x64
		{A3B5BB0B-8607-4915-B613-1DD4B615F52E}.Debug|x86.ActiveCfg = Debug|x86
		{A3B5BB0B-8607-4915-B613-1DD4B615F52E}.Debug|x86.Build.0 = Debug|x86
		{A3B5BB0B-8607-4915-B613-1DD4B615F52E}.Debug|x86.Deploy.0 = Debug|x86
		{A3B5BB0B-8607-4915-B613-1DD4B615F52E}.Release|ARM.ActiveCfg = Release|ARM
		{A3B5BB0B-8607-4915-B613-1DD4B615F52E}.Release|ARM.Build.0 = Release|ARM
		{A3B5BB0B-8607-4915-B613-1DD4B615F52E}.Release|ARM.Deploy.0 = Release|ARM
		{A3B5BB0B-8607-4915-B613-1DD4B615F52E}.Release|x64.ActiveCfg = Release|x64
		{A3B5BB0B-8607-4915-B613-1DD4B615F52E}.Release|x64.Build.0 = Release|x64
		{A3B5BB0B-8607-4915-B613-1DD4B615F52E}.Release|x64.Deploy.0 = Release|x64
		{A3B5BB0B-8607-4915-B613-1DD4B615F52E}.Release|x86.ActiveCfg = Release|x86
		{A3B5BB0B-8607-4915-B613-1DD4B615F52E}.Release|x86.Build.0 = Release|x86
		{A3B5BB0B-8607-4915-B613-1DD4B615F52E}.Release|x86.Deploy.0 = Release|x86
		{7D1B874B-59B4-47B4-86E5-30DF4F877F8A}.Debug|ARM.ActiveCfg = Debug|ARM
		{7D1B874B-59B4-47B4-86E5-30DF4F877F8A}.Debug|ARM.Build.0 = Debug|ARM
		{7D1B874B-59B4-47B4-86E5-30DF4F877F8A}.Debug|ARM.Deploy.0 = Debug|ARM
		{7D1B874B-59B4-47B4-86E5-30DF4F877F8A}.Debug|x64.ActiveCfg = Debug|x64
		{7D1B874B-59B4-47B4-86E5-30DF4F877F8A}.Debug|x64.Build.0 = Debug|x64
		{7D1B874B-59B4-47B4-86E5-30DF4F877F8A}.Debug|x64.Deploy.0 = Debug|x64
		{7D1B874B-59B4-47B4-86E5-30DF4F877F8A}.Debug|x86.ActiveCfg = Debug|x86
		{7D1B874B-59B4-47B4-86E5-30DF4F877F8A}.Debug|x86.Build.0 = Debug|x86
		{7D1B874B-59B4-47B4-86E5-30DF4F877F8A}.Debug|x86.Deploy.0 = Debug|x86
		{7D1B874B-59B4-47B4-86E5-30DF4F877F8A}.Release|ARM.ActiveCfg = Release|ARM
		{7D1B874B-59B4-47B4-86E5-30DF4F877F8A}.Release|ARM.Build.0 = Release|ARM
		{7D1B874B-59B4-47B4-86E5-30DF4F877F8A}.Release|ARM.Deploy.0 = Release|ARM
		{7D1B874B-59B4-47B4-86E5-30DF4F877F8A}.Release|x64.ActiveCfg = Release|x64
		{7D1B874B-59B4-47B4-86E5-30DF4F877F8A}.Release|x64.Build.0 = Release|x64
		{7D1B874B-59B4-47B4-86E5-30DF4F877F8A}.Release|x64.Deploy.0 = Release|x64
		{7D1B874B-59B4-47B4-86E5-30DF4F877F8A}.Release|x86.ActiveCfg = Release|x86
		{7D1B874B-59B4-47B4-86E5-30DF4F877F8A}.Release|x86.Build.0 = Release|x86
		{7D1B874B-59B4-47B4-86E5-30DF4F877F8A}.Release|x86.Deploy.0 = Release|x86
		{F3BDF2BB-E625-4026-A879-5C82CBEB0D71}.Debug|ARM.ActiveCfg = Debug|ARM
		{F3BDF2BB-E625-4026-A879-5C82CBEB0D71}.Debug|ARM.Build.0 = Debug|ARM
		{F3BDF2BB-E625-4026-A879-5C82CBEB0D71}.Debug|ARM.Deploy.0 = Debug|ARM
		{F3BDF2BB-E625-4026-A879-5C82CBEB0D71}.Debug|x64.ActiveCfg = Debug|x64
		{F3BDF2BB-E625-4026-A879-5C82CBEB0D71}.Debug|x64.Build.0 = Debug|x64
		{F3BDF2BB-E625-4026-A879-5C82CBEB0D71}.Debug|x64.Deploy.0 = Debug|x64
		{F3BDF2BB-E625-4026-A879-5C82CBEB0D71}.Debug|x86.ActiveCfg = Debug|x86
		{F3BDF2BB-E625-4026-A879-5C82CBEB0D71}.Debug|x86.Build.0 = Debug|x86
		{F3BDF2BB-E625-4026-A879-5C82CBEB0D71}.Debug|x86.Deploy.0 = Debug|x86
		{F3BDF2BB-E625-4026-A879-5C82CBEB0D71}.Release|ARM.ActiveCfg = Release|ARM
		{F3BDF2BB-E625-4026-A879-5C82CBEB0D71}.Release|ARM.Build.0 = Release|ARM
		{F3BDF2BB-E625-4026-A879-5C82CBEB0D71}.Release|ARM.Deploy.0 = Release|ARM
		{F3BDF2BB-E625-4026-A879-5C82CBEB0D71}.Release|x64.ActiveCfg = Release|x64
		{F3BDF2BB-E625-4026-A879-5C82CBEB0D71}.Release|x64.Build.0 = Release|x64
		{F3BDF2BB-E625-4026-A879-5C82CBEB0D71}.Release|x64.Deploy.0 = Release|x64
		{F3BDF2BB-E625-4026-A879-5C82CBEB0D71}.Release|x86.ActiveCfg = Release|x86
		{F3BDF2BB-E625-4026-A879-5C82CBEB0D71}.Release|x86.Build.0 = Release|x86
		{F3BDF2BB-E625-4026-A879-5C82CBEB0D71}.Release|x86.Deploy.0 = Release|x86
		{C37CA862-D474-4606-96A9-6D2889783731}.Debug|ARM.ActiveCfg = Debug|ARM
		{C37CA862-D474-4606-96A9-6D2889783731}.Debug|ARM.Build.0 = Debug|ARM
		{C37CA862-D474-4606-96A9-6D2889783731}.Debug|ARM.Deploy.0 = Debug|ARM
		{C37CA862-D474-4606-96A9-6D2889783731}.Debug|x64.ActiveCfg = Debug|x64
		{C37CA862-D474-4606-96A9-6D2889783731}.Debug|x64.Build.0 = Debug|x64
		{C37CA862-D474-4606-96A9-6D2889783731}.Debug|x64.Deploy.0 = Debug|x64
		{C37CA862-D474-4606-96A9-6D2889783731}.Debug|x86.ActiveCfg = Debug|x86
		{C37CA862-D474-4606-96A9-6D2889783731}.Debug|x86.Build.0 = Debug|x86
		{C37CA862-D474-4606-96A9-6D2889783731}.Debug|x86.Deploy.0 = Debug|x86
		{C37CA862-D474-4606-96A9-6D2889783731}.Release|ARM.ActiveCfg = Release|ARM
		{C37CA862-D474-4606-96A9-6D2889783731}.Release|ARM.Build.0 = Release|ARM
		{C37CA862-D474-4606-96A9-6D2889783731}.Release|ARM.Deploy.0 = Release|ARM
		{C37CA862-D474-4606-96A9-6D2889783731}.Release|x64.ActiveCfg = Release|x64
		{C37CA862-D474-4606-96A9-6D2889783731}.Release|x64.Build.0 = Release|x64
		{C37CA862-D474-4606-96A9-6D2889783731}.Release|x64.Deploy.0 = Release|x64
		{C37CA862-D474-4606-96A9-6D2889783731}.Release|x86.ActiveCfg = Release|x86
		{C37CA862-D474-4606-96A9-6D2889783731}.Release|x86.Build.0 = Release|x86
		{C37CA862-D474-4606-96A9-6D2889783731}.Release|x86.Deploy.0 = Release|x86
		{F3214CE1-55C0-4389-927D-53942E89E81F}.Debug|ARM.ActiveCfg = Debug|ARM
		{F3214CE1-55C0-4389-927D-53942E89E81F}.Debug|ARM.Build.0 = Debug|ARM
		{F3214CE1-55C0-4389-927D-53942E89E81F}.Debug|ARM.Deploy.0 = Debug|ARM
		{F3214CE1-55C0-4389-927D-53942E89E81F}.Debug|x64.ActiveCfg = Debug|x64
		{F3214CE1-55C0-4389-927D-53942E89E81F}.Debug|x64.Build.0 = Debug|x64
		{F3214CE1-55C0-4389-927D-53942E89E81F}.Debug|x64.Deploy.0 = Debug|x64
		{F3214CE1-55C0-4389-927D-53942E89E81F}.Debug|x86.ActiveCfg = Debug|x86
		{F3214CE1-55C0-4389-927D-53942E89E81F}.Debug|x86.Build.0 = Debug|x86
		{F3214CE1-55C0-4389-927D-53942E89E81F}.Debug|x86.Deploy.0 = Debug|x86
		{F3214CE1-55C0-4389-927D-53942E89E81F}.Release|ARM.ActiveCfg = Release|ARM
		{F3214CE1-55C0-4389-927D-53942E89E81F}.Release|ARM.Build.0 = Release|ARM
		{F3214CE1-55C0-4389-927D-53942E89E81F}.Release|ARM.Deploy.0 = Release|ARM
		{F3214CE1-55C0-4389-927D-53942E89E81F}.Release|x64.ActiveCfg = Release|x64
		{F3214CE1-55C0-4389-927D-53942E89E81F}.Release|x64.Build.0 = Release|x64
		{F3214CE1-55C0-4389-927D-53942E89E81F}.Release|x64.Deploy.0 = Release|x64
		{F3214CE1-55C0-4389-927D-53942E89E81F}.Release|x86.ActiveCfg = Release|x86
		{F3214CE1-55C0-4389-927D-53942E89E81F}.Release|x86.Build.0 = Release|x86
		{F3214CE1-55C0-4389-927D-53942E89E81F}.Release|x86.Deploy.0 = Release|x86
		{44B47FE1-C73E-4E22-A623-81873C13089C}.Debug|ARM.ActiveCfg = Debug|ARM
		{44B47FE1-C73E-4E22-A623-81873C13089C}.Debug|ARM.Build.0 = Debug|ARM
		{44B47FE1-C73E-4E22-A623-81873C13089C}.Debug|ARM.Deploy.0 = Debug|ARM
		{44B47FE1-C73E-4E22-A623-81873C13089C}.Debug|x64.ActiveCfg = Debug|x64
		{44B47FE1-C73E-4E22-A623-81873C13089C}.Debug|x64.Build.0 = Debug|x64
		{44B47FE1-C73E-4E22-A623-81873C13089C}.Debug|x64.Deploy.0 = Debug|x64
		{44B47FE1-C73E-4E22-A623-81873C13089C}.Debug|x86.ActiveCfg = Debug|x86
		{44B47FE1-C73E-4E22-A623-81873C13089C}.Debug|x86.Build.0 = Debug|x86
		{44B47FE1-C73E-4E22-A623-81873C13089C}.Debug|x86.Deploy.0 = Debug|x86
		{44B47FE1-C73E-4E22-A623-81873C13089C}.Release|ARM.ActiveCfg = Release|ARM
		{44B47FE1-C73E-4E22-A623-81873C13089C}.Release|ARM.Build.0 = Release|ARM
		{44B47FE1-C73E-4E22-A623-81873C13089C}.Release|ARM.Deploy.0 = Release|ARM
		{44B47FE1-C73E-4E22-A623-81873C13089C}.Release|x64.ActiveCfg = Release|x64
		{44B47FE1-C73E-4E22-A623-81873C13089C}.Release|x64.Build.0 = Release|x64
		{44B47FE1-C73E-4E22-A623-81873C13089C}.Release|x64.Deploy.0 = Release|x64
		{44B47FE1-C73E-4E22-A623-81873C13089C}.Release|x86.ActiveCfg = Release|x86
		{44B47FE1-C73E-4E22-A623-81873C13089C}.Release|x86.Build.0 = Release|x86
		{44B47FE1-C73E-4E22-A623-81873C13089C}.Release|x86.Deploy.0 = Release|x86
		{E902D29E-4E30-474F-8226-B86C66C6903D}.Debug|ARM.ActiveCfg = Debug|ARM
		{E902D29E-4E30-474F-8226-B86C66C6903D}.Debug|ARM.Build.0 = Debug|ARM
		{E902D29E-4E30-474F-8226-B86C66C6903D}.Debug|ARM.Deploy.0 = Debug|ARM
		{E902D29E-4E30-474F-8226-B86C66C6903D}.Debug|x64.ActiveCfg = Debug|x64
		{E902D29E-4E30-474F-8226-B86C66C6903D}.Debug|x64.Build.0 = Debug|x64
		{E902D29E-4E30-474F-8226-B86C66C6903D}.Debug|x64.Deploy.0 = Debug|x64
		{E902D29E-4E30-474F-8226-B86C66C6903D}.Debug|x86.ActiveCfg = Debug|x86
		{E902D29E-4E30-474F-8226-B86C66C6903D}.Debug|x86.Build.0 = Debug|x86
		{E902D29E-4E30-474F-8226-B86C66C6903D}.Debug|x86.Deploy.0 = Debug|x86
		{E902D29E-4E30-474F-8226-B86C66C6903D}.Release|ARM.ActiveCfg = Release|ARM
		{E902D29E-4E30-474F-8226-B86C66C6903D}.Release|ARM.Build.0 = Release|ARM
		{E902D29E-4E30-474F-8226-B86C66C6903D}.Release|ARM.Deploy.0 = Release|ARM
		{E902D29E-4E30-474F-8226-B86C66C6903D}.Release|x64.ActiveCfg = Release|x64
		{E902D29E-4E30-474F-8226-B86C66C6903D}.Release|x64.Build.0 = Release|x64
		{E902D29E-4E30-474F-8226-B86C66C6903D}.Release|x64.Deploy.0 = Release|x64
		{E902D29E-4E30-474F-8226-B86C66C6903D}.Release|x86.ActiveCfg = Release|x86
		{E902D29E-4E30-474F-8226-B86C66C6903D}.Release|x86.Build.0 = Release|x86
		{E902D29E-4E30-474F-8226-B86C66C6903D}.Release|x86.Deploy.0 = Release|x86
		{74188286-5844-49C1-B193-DC664E91A163}.Debug|ARM.ActiveCfg = Debug|ARM
		{74188286-5844-49C1-B193-DC664E91A163}.Debug|ARM.Build.0 = Debug|ARM
		{74188286-5844-49C1-B193-DC664E91A163}.Debug|ARM.Deploy.0 = Debug|ARM
		{74188286-5844-49C1-B193-DC664E91A163}.Debug|x64.ActiveCfg = Debug|x64
		{74188286-5844-49C1-B193-DC664E91A163}.Debug|x64.Build.0 = Debug|x64
		{74188286-5844-49C1-B193-DC664E91A163}.Debug|x64.Deploy.0 = Debug|x64
		{74188286-5844-49C1-B193-DC664E91A163}.Debug|x86.ActiveCfg = Debug|x86
		{74188286-5844-49C1-B193-DC664E91A163}.Debug|x86.Build.0 = Debug|x86
		{74188286-5844-49C1-B193-DC664E91A163}.Debug|x86.Deploy.0 = Debug|x86
		{74188286-5844-49C1-B193-DC664E91A163}.Release|ARM.ActiveCfg = Release|ARM
		{74188286-5844-49C1-B193-DC664E91A163}.Release|ARM.Build.0 = Release|ARM
		{74188286-5844-49C1-B193-DC664E91A163}.Release|ARM.Deploy.0 = Release|ARM
		{74188286-5844-49C1-B193-DC664E91A163}.Release|x64.ActiveCfg = Release|x64
		{74188286-5844-49C1-B193-DC664E91A163}.Release|x64.Build.0 = Release|x64
		{74188286-5844-49C1-B193-DC664E91A163}.Release|x64.Deploy.0 = Release|x64
		{74188286-5844-49C1-B193-DC664E91A163}.Release|x86.ActiveCfg = Release|x86
		{74188286-5844-49C1-B193-DC664E91A163}.Release|x86.Build.0 = Release|x86
		{74188286-5844-49C1-B193-DC664E91A163}.Release|x86.Deploy.0 = Release|x86
		{542C9664-B9BE-4A08-B6A0-D17DC15F4B55}.Debug|ARM.ActiveCfg = Debug|ARM
		{542C9664-B9BE-4A08-B6A0-D17DC15F4B55}.Debug|ARM.Build.0 = Debug|ARM
		{542C9664-B9BE-4A08-B6A0-D17DC15F4B55}.Debug|ARM.Deploy.0 = Debug|ARM
		{542C9664-B9BE-4A08-B6A0-D17DC15F4B55}.Debug|x64.ActiveCfg = Debug|x64
		{542C9664-B9BE-4A08-B6A0-D17DC15F4B55}.Debug|x64.Build.0 = Debug|x64
		{542C9664-B9BE-4A08-B6A0-D17DC15F4B55}.Debug|x64.Deploy.0 = Debug|x64
		{542C9664-B9BE-4A08-B6A0-D17DC15F4B55}.Debug|x86.ActiveCfg = Debug|x86
		{542C9664-B9BE-4A08-B6A0-D17DC15F4B55}.Debug|x86.Build.0 = Debug|x86
		{542C9664-B9BE-4A08-B6A0-D17DC15F4B55}.Debug|x86.Deploy.0 = Debug|x86
		{542C9664-B9BE-4A08-B6A0-D17DC15F4B55}.Release|ARM.ActiveCfg = Release|ARM
		{542C9664-B9BE-4A08-B6A0-D17DC15F4B55}.Release|ARM.Build.0 = Release|ARM
		{542C9664-B9BE-4A08-B6A0-D17DC15F4B55}.Release|ARM.Deploy.0 = Release|ARM
		{542C9664-B9BE-4A08-B6A0-D17DC15F4B55}.Release|x64.ActiveCfg = Release|x64
		{542C9664-B9BE-4A08-B6A0-D17DC15F4B55}.Release|x64.Build.0 = Release|x64
		{542C9664-B9BE-4A08-B6A0-D17DC15F4B55}.Release|x64.Deploy.0 = Release|x64
		{542C9664-B9BE-4A08-B6A0-D17DC15F4B55}.Release|x86.ActiveCfg = Release|x86
		{542C9664-B9BE-4A08-B6A0-D17DC15F4B55}.Release|x86.Build.0 = Release|x86
		{542C9664-B9BE-4A08-B6A0-D17DC15F4B55}.Release|x86.Deploy.0 = Release|x86
	EndGlobalSection
	GlobalSection(SolutionProperties) = preSolution
		HideSolutionNode = FALSE
	EndGlobalSection
EndGlobal
