
Microsoft Visual Studio Solution File, Format Version 12.00
# Visual Studio 14
VisualStudioVersion = 14.0.24720.0
MinimumVisualStudioVersion = 10.0.40219.1
Project("{FAE04EC0-301F-11D3-BF4B-00C04F79EFBC}") = "DataBinding", "DataBinding\DataBinding.csproj", "{51B68BA2-0997-4CB1-B98E-B3FFB2F31D1F}"
EndProject
Project("{FAE04EC0-301F-11D3-BF4B-00C04F79EFBC}") = "ListDataBinding_Superheroes", "Superheroes\ListDataBinding_Superheroes.csproj", "{208DAC72-EBEB-4800-80DB-43B9EE933B4E}"
EndProject
Project("{FAE04EC0-301F-11D3-BF4B-00C04F79EFBC}") = "NavigationDemos", "NavigationDemos\NavigationDemos.csproj", "{BAD991A7-FCA4-4F97-8073-6D086D8DB91E}"
EndProject
Project("{FAE04EC0-301F-11D3-BF4B-00C04F79EFBC}") = "Camera", "Camera\Camera.csproj", "{94321F4F-89DF-4F13-AD76-D6C9A85CB51D}"
EndProject
Project("{FAE04EC0-301F-11D3-BF4B-00C04F79EFBC}") = "GeolocationDemo", "GeolocationDemo\GeolocationDemo.csproj", "{71ECE324-39B6-48D9-861B-8B46BBFC646C}"
EndProject
Project("{FAE04EC0-301F-11D3-BF4B-00C04F79EFBC}") = "GesturesDemos", "GesturesDemos\GesturesDemos.csproj", "{107B8D5A-A9F0-43B2-9516-4207AF72671E}"
EndProject
Project("{FAE04EC0-301F-11D3-BF4B-00C04F79EFBC}") = "ViewsDemo", "ViewsDemo\ViewsDemo.csproj", "{5EF19EF2-8566-42F0-A1F7-9B913F33AE94}"
EndProject
Project("{FAE04EC0-301F-11D3-BF4B-00C04F79EFBC}") = "AccelerometerDemos", "AccelerometerDemos\AccelerometerDemos.csproj", "{623B8560-660B-4D13-9853-7244DCD7DF8B}"
EndProject
Project("{FAE04EC0-301F-11D3-BF4B-00C04F79EFBC}") = "BallsGame", "BallsGame\BallsGame.csproj", "{A903441D-E7DE-447F-A8B1-1890B8293175}"
EndProject
Global
	GlobalSection(SolutionConfigurationPlatforms) = preSolution
		Debug|ARM = Debug|ARM
		Debug|x64 = Debug|x64
		Debug|x86 = Debug|x86
		Release|ARM = Release|ARM
		Release|x64 = Release|x64
		Release|x86 = Release|x86
	EndGlobalSection
	GlobalSection(ProjectConfigurationPlatforms) = postSolution
		{51B68BA2-0997-4CB1-B98E-B3FFB2F31D1F}.Debug|ARM.ActiveCfg = Debug|ARM
		{51B68BA2-0997-4CB1-B98E-B3FFB2F31D1F}.Debug|ARM.Build.0 = Debug|ARM
		{51B68BA2-0997-4CB1-B98E-B3FFB2F31D1F}.Debug|ARM.Deploy.0 = Debug|ARM
		{51B68BA2-0997-4CB1-B98E-B3FFB2F31D1F}.Debug|x64.ActiveCfg = Debug|x64
		{51B68BA2-0997-4CB1-B98E-B3FFB2F31D1F}.Debug|x64.Build.0 = Debug|x64
		{51B68BA2-0997-4CB1-B98E-B3FFB2F31D1F}.Debug|x64.Deploy.0 = Debug|x64
		{51B68BA2-0997-4CB1-B98E-B3FFB2F31D1F}.Debug|x86.ActiveCfg = Debug|x86
		{51B68BA2-0997-4CB1-B98E-B3FFB2F31D1F}.Debug|x86.Build.0 = Debug|x86
		{51B68BA2-0997-4CB1-B98E-B3FFB2F31D1F}.Debug|x86.Deploy.0 = Debug|x86
		{51B68BA2-0997-4CB1-B98E-B3FFB2F31D1F}.Release|ARM.ActiveCfg = Release|ARM
		{51B68BA2-0997-4CB1-B98E-B3FFB2F31D1F}.Release|ARM.Build.0 = Release|ARM
		{51B68BA2-0997-4CB1-B98E-B3FFB2F31D1F}.Release|ARM.Deploy.0 = Release|ARM
		{51B68BA2-0997-4CB1-B98E-B3FFB2F31D1F}.Release|x64.ActiveCfg = Release|x64
		{51B68BA2-0997-4CB1-B98E-B3FFB2F31D1F}.Release|x64.Build.0 = Release|x64
		{51B68BA2-0997-4CB1-B98E-B3FFB2F31D1F}.Release|x64.Deploy.0 = Release|x64
		{51B68BA2-0997-4CB1-B98E-B3FFB2F31D1F}.Release|x86.ActiveCfg = Release|x86
		{51B68BA2-0997-4CB1-B98E-B3FFB2F31D1F}.Release|x86.Build.0 = Release|x86
		{51B68BA2-0997-4CB1-B98E-B3FFB2F31D1F}.Release|x86.Deploy.0 = Release|x86
		{208DAC72-EBEB-4800-80DB-43B9EE933B4E}.Debug|ARM.ActiveCfg = Debug|ARM
		{208DAC72-EBEB-4800-80DB-43B9EE933B4E}.Debug|ARM.Build.0 = Debug|ARM
		{208DAC72-EBEB-4800-80DB-43B9EE933B4E}.Debug|ARM.Deploy.0 = Debug|ARM
		{208DAC72-EBEB-4800-80DB-43B9EE933B4E}.Debug|x64.ActiveCfg = Debug|x64
		{208DAC72-EBEB-4800-80DB-43B9EE933B4E}.Debug|x64.Build.0 = Debug|x64
		{208DAC72-EBEB-4800-80DB-43B9EE933B4E}.Debug|x64.Deploy.0 = Debug|x64
		{208DAC72-EBEB-4800-80DB-43B9EE933B4E}.Debug|x86.ActiveCfg = Debug|x86
		{208DAC72-EBEB-4800-80DB-43B9EE933B4E}.Debug|x86.Build.0 = Debug|x86
		{208DAC72-EBEB-4800-80DB-43B9EE933B4E}.Debug|x86.Deploy.0 = Debug|x86
		{208DAC72-EBEB-4800-80DB-43B9EE933B4E}.Release|ARM.ActiveCfg = Release|ARM
		{208DAC72-EBEB-4800-80DB-43B9EE933B4E}.Release|ARM.Build.0 = Release|ARM
		{208DAC72-EBEB-4800-80DB-43B9EE933B4E}.Release|ARM.Deploy.0 = Release|ARM
		{208DAC72-EBEB-4800-80DB-43B9EE933B4E}.Release|x64.ActiveCfg = Release|x64
		{208DAC72-EBEB-4800-80DB-43B9EE933B4E}.Release|x64.Build.0 = Release|x64
		{208DAC72-EBEB-4800-80DB-43B9EE933B4E}.Release|x64.Deploy.0 = Release|x64
		{208DAC72-EBEB-4800-80DB-43B9EE933B4E}.Release|x86.ActiveCfg = Release|x86
		{208DAC72-EBEB-4800-80DB-43B9EE933B4E}.Release|x86.Build.0 = Release|x86
		{208DAC72-EBEB-4800-80DB-43B9EE933B4E}.Release|x86.Deploy.0 = Release|x86
		{BAD991A7-FCA4-4F97-8073-6D086D8DB91E}.Debug|ARM.ActiveCfg = Debug|ARM
		{BAD991A7-FCA4-4F97-8073-6D086D8DB91E}.Debug|ARM.Build.0 = Debug|ARM
		{BAD991A7-FCA4-4F97-8073-6D086D8DB91E}.Debug|ARM.Deploy.0 = Debug|ARM
		{BAD991A7-FCA4-4F97-8073-6D086D8DB91E}.Debug|x64.ActiveCfg = Debug|x64
		{BAD991A7-FCA4-4F97-8073-6D086D8DB91E}.Debug|x64.Build.0 = Debug|x64
		{BAD991A7-FCA4-4F97-8073-6D086D8DB91E}.Debug|x64.Deploy.0 = Debug|x64
		{BAD991A7-FCA4-4F97-8073-6D086D8DB91E}.Debug|x86.ActiveCfg = Debug|x86
		{BAD991A7-FCA4-4F97-8073-6D086D8DB91E}.Debug|x86.Build.0 = Debug|x86
		{BAD991A7-FCA4-4F97-8073-6D086D8DB91E}.Debug|x86.Deploy.0 = Debug|x86
		{BAD991A7-FCA4-4F97-8073-6D086D8DB91E}.Release|ARM.ActiveCfg = Release|ARM
		{BAD991A7-FCA4-4F97-8073-6D086D8DB91E}.Release|ARM.Build.0 = Release|ARM
		{BAD991A7-FCA4-4F97-8073-6D086D8DB91E}.Release|ARM.Deploy.0 = Release|ARM
		{BAD991A7-FCA4-4F97-8073-6D086D8DB91E}.Release|x64.ActiveCfg = Release|x64
		{BAD991A7-FCA4-4F97-8073-6D086D8DB91E}.Release|x64.Build.0 = Release|x64
		{BAD991A7-FCA4-4F97-8073-6D086D8DB91E}.Release|x64.Deploy.0 = Release|x64
		{BAD991A7-FCA4-4F97-8073-6D086D8DB91E}.Release|x86.ActiveCfg = Release|x86
		{BAD991A7-FCA4-4F97-8073-6D086D8DB91E}.Release|x86.Build.0 = Release|x86
		{BAD991A7-FCA4-4F97-8073-6D086D8DB91E}.Release|x86.Deploy.0 = Release|x86
		{94321F4F-89DF-4F13-AD76-D6C9A85CB51D}.Debug|ARM.ActiveCfg = Debug|ARM
		{94321F4F-89DF-4F13-AD76-D6C9A85CB51D}.Debug|ARM.Build.0 = Debug|ARM
		{94321F4F-89DF-4F13-AD76-D6C9A85CB51D}.Debug|ARM.Deploy.0 = Debug|ARM
		{94321F4F-89DF-4F13-AD76-D6C9A85CB51D}.Debug|x64.ActiveCfg = Debug|x64
		{94321F4F-89DF-4F13-AD76-D6C9A85CB51D}.Debug|x64.Build.0 = Debug|x64
		{94321F4F-89DF-4F13-AD76-D6C9A85CB51D}.Debug|x64.Deploy.0 = Debug|x64
		{94321F4F-89DF-4F13-AD76-D6C9A85CB51D}.Debug|x86.ActiveCfg = Debug|x86
		{94321F4F-89DF-4F13-AD76-D6C9A85CB51D}.Debug|x86.Build.0 = Debug|x86
		{94321F4F-89DF-4F13-AD76-D6C9A85CB51D}.Debug|x86.Deploy.0 = Debug|x86
		{94321F4F-89DF-4F13-AD76-D6C9A85CB51D}.Release|ARM.ActiveCfg = Release|ARM
		{94321F4F-89DF-4F13-AD76-D6C9A85CB51D}.Release|ARM.Build.0 = Release|ARM
		{94321F4F-89DF-4F13-AD76-D6C9A85CB51D}.Release|ARM.Deploy.0 = Release|ARM
		{94321F4F-89DF-4F13-AD76-D6C9A85CB51D}.Release|x64.ActiveCfg = Release|x64
		{94321F4F-89DF-4F13-AD76-D6C9A85CB51D}.Release|x64.Build.0 = Release|x64
		{94321F4F-89DF-4F13-AD76-D6C9A85CB51D}.Release|x64.Deploy.0 = Release|x64
		{94321F4F-89DF-4F13-AD76-D6C9A85CB51D}.Release|x86.ActiveCfg = Release|x86
		{94321F4F-89DF-4F13-AD76-D6C9A85CB51D}.Release|x86.Build.0 = Release|x86
		{94321F4F-89DF-4F13-AD76-D6C9A85CB51D}.Release|x86.Deploy.0 = Release|x86
		{71ECE324-39B6-48D9-861B-8B46BBFC646C}.Debug|ARM.ActiveCfg = Debug|ARM
		{71ECE324-39B6-48D9-861B-8B46BBFC646C}.Debug|ARM.Build.0 = Debug|ARM
		{71ECE324-39B6-48D9-861B-8B46BBFC646C}.Debug|ARM.Deploy.0 = Debug|ARM
		{71ECE324-39B6-48D9-861B-8B46BBFC646C}.Debug|x64.ActiveCfg = Debug|x64
		{71ECE324-39B6-48D9-861B-8B46BBFC646C}.Debug|x64.Build.0 = Debug|x64
		{71ECE324-39B6-48D9-861B-8B46BBFC646C}.Debug|x64.Deploy.0 = Debug|x64
		{71ECE324-39B6-48D9-861B-8B46BBFC646C}.Debug|x86.ActiveCfg = Debug|x86
		{71ECE324-39B6-48D9-861B-8B46BBFC646C}.Debug|x86.Build.0 = Debug|x86
		{71ECE324-39B6-48D9-861B-8B46BBFC646C}.Debug|x86.Deploy.0 = Debug|x86
		{71ECE324-39B6-48D9-861B-8B46BBFC646C}.Release|ARM.ActiveCfg = Release|ARM
		{71ECE324-39B6-48D9-861B-8B46BBFC646C}.Release|ARM.Build.0 = Release|ARM
		{71ECE324-39B6-48D9-861B-8B46BBFC646C}.Release|ARM.Deploy.0 = Release|ARM
		{71ECE324-39B6-48D9-861B-8B46BBFC646C}.Release|x64.ActiveCfg = Release|x64
		{71ECE324-39B6-48D9-861B-8B46BBFC646C}.Release|x64.Build.0 = Release|x64
		{71ECE324-39B6-48D9-861B-8B46BBFC646C}.Release|x64.Deploy.0 = Release|x64
		{71ECE324-39B6-48D9-861B-8B46BBFC646C}.Release|x86.ActiveCfg = Release|x86
		{71ECE324-39B6-48D9-861B-8B46BBFC646C}.Release|x86.Build.0 = Release|x86
		{71ECE324-39B6-48D9-861B-8B46BBFC646C}.Release|x86.Deploy.0 = Release|x86
		{107B8D5A-A9F0-43B2-9516-4207AF72671E}.Debug|ARM.ActiveCfg = Debug|ARM
		{107B8D5A-A9F0-43B2-9516-4207AF72671E}.Debug|ARM.Build.0 = Debug|ARM
		{107B8D5A-A9F0-43B2-9516-4207AF72671E}.Debug|ARM.Deploy.0 = Debug|ARM
		{107B8D5A-A9F0-43B2-9516-4207AF72671E}.Debug|x64.ActiveCfg = Debug|x64
		{107B8D5A-A9F0-43B2-9516-4207AF72671E}.Debug|x64.Build.0 = Debug|x64
		{107B8D5A-A9F0-43B2-9516-4207AF72671E}.Debug|x64.Deploy.0 = Debug|x64
		{107B8D5A-A9F0-43B2-9516-4207AF72671E}.Debug|x86.ActiveCfg = Debug|x86
		{107B8D5A-A9F0-43B2-9516-4207AF72671E}.Debug|x86.Build.0 = Debug|x86
		{107B8D5A-A9F0-43B2-9516-4207AF72671E}.Debug|x86.Deploy.0 = Debug|x86
		{107B8D5A-A9F0-43B2-9516-4207AF72671E}.Release|ARM.ActiveCfg = Release|ARM
		{107B8D5A-A9F0-43B2-9516-4207AF72671E}.Release|ARM.Build.0 = Release|ARM
		{107B8D5A-A9F0-43B2-9516-4207AF72671E}.Release|ARM.Deploy.0 = Release|ARM
		{107B8D5A-A9F0-43B2-9516-4207AF72671E}.Release|x64.ActiveCfg = Release|x64
		{107B8D5A-A9F0-43B2-9516-4207AF72671E}.Release|x64.Build.0 = Release|x64
		{107B8D5A-A9F0-43B2-9516-4207AF72671E}.Release|x64.Deploy.0 = Release|x64
		{107B8D5A-A9F0-43B2-9516-4207AF72671E}.Release|x86.ActiveCfg = Release|x86
		{107B8D5A-A9F0-43B2-9516-4207AF72671E}.Release|x86.Build.0 = Release|x86
		{107B8D5A-A9F0-43B2-9516-4207AF72671E}.Release|x86.Deploy.0 = Release|x86
		{5EF19EF2-8566-42F0-A1F7-9B913F33AE94}.Debug|ARM.ActiveCfg = Debug|ARM
		{5EF19EF2-8566-42F0-A1F7-9B913F33AE94}.Debug|ARM.Build.0 = Debug|ARM
		{5EF19EF2-8566-42F0-A1F7-9B913F33AE94}.Debug|ARM.Deploy.0 = Debug|ARM
		{5EF19EF2-8566-42F0-A1F7-9B913F33AE94}.Debug|x64.ActiveCfg = Debug|x64
		{5EF19EF2-8566-42F0-A1F7-9B913F33AE94}.Debug|x64.Build.0 = Debug|x64
		{5EF19EF2-8566-42F0-A1F7-9B913F33AE94}.Debug|x64.Deploy.0 = Debug|x64
		{5EF19EF2-8566-42F0-A1F7-9B913F33AE94}.Debug|x86.ActiveCfg = Debug|x86
		{5EF19EF2-8566-42F0-A1F7-9B913F33AE94}.Debug|x86.Build.0 = Debug|x86
		{5EF19EF2-8566-42F0-A1F7-9B913F33AE94}.Debug|x86.Deploy.0 = Debug|x86
		{5EF19EF2-8566-42F0-A1F7-9B913F33AE94}.Release|ARM.ActiveCfg = Release|ARM
		{5EF19EF2-8566-42F0-A1F7-9B913F33AE94}.Release|ARM.Build.0 = Release|ARM
		{5EF19EF2-8566-42F0-A1F7-9B913F33AE94}.Release|ARM.Deploy.0 = Release|ARM
		{5EF19EF2-8566-42F0-A1F7-9B913F33AE94}.Release|x64.ActiveCfg = Release|x64
		{5EF19EF2-8566-42F0-A1F7-9B913F33AE94}.Release|x64.Build.0 = Release|x64
		{5EF19EF2-8566-42F0-A1F7-9B913F33AE94}.Release|x64.Deploy.0 = Release|x64
		{5EF19EF2-8566-42F0-A1F7-9B913F33AE94}.Release|x86.ActiveCfg = Release|x86
		{5EF19EF2-8566-42F0-A1F7-9B913F33AE94}.Release|x86.Build.0 = Release|x86
		{5EF19EF2-8566-42F0-A1F7-9B913F33AE94}.Release|x86.Deploy.0 = Release|x86
		{623B8560-660B-4D13-9853-7244DCD7DF8B}.Debug|ARM.ActiveCfg = Debug|ARM
		{623B8560-660B-4D13-9853-7244DCD7DF8B}.Debug|ARM.Build.0 = Debug|ARM
		{623B8560-660B-4D13-9853-7244DCD7DF8B}.Debug|ARM.Deploy.0 = Debug|ARM
		{623B8560-660B-4D13-9853-7244DCD7DF8B}.Debug|x64.ActiveCfg = Debug|x64
		{623B8560-660B-4D13-9853-7244DCD7DF8B}.Debug|x64.Build.0 = Debug|x64
		{623B8560-660B-4D13-9853-7244DCD7DF8B}.Debug|x64.Deploy.0 = Debug|x64
		{623B8560-660B-4D13-9853-7244DCD7DF8B}.Debug|x86.ActiveCfg = Debug|x86
		{623B8560-660B-4D13-9853-7244DCD7DF8B}.Debug|x86.Build.0 = Debug|x86
		{623B8560-660B-4D13-9853-7244DCD7DF8B}.Debug|x86.Deploy.0 = Debug|x86
		{623B8560-660B-4D13-9853-7244DCD7DF8B}.Release|ARM.ActiveCfg = Release|ARM
		{623B8560-660B-4D13-9853-7244DCD7DF8B}.Release|ARM.Build.0 = Release|ARM
		{623B8560-660B-4D13-9853-7244DCD7DF8B}.Release|ARM.Deploy.0 = Release|ARM
		{623B8560-660B-4D13-9853-7244DCD7DF8B}.Release|x64.ActiveCfg = Release|x64
		{623B8560-660B-4D13-9853-7244DCD7DF8B}.Release|x64.Build.0 = Release|x64
		{623B8560-660B-4D13-9853-7244DCD7DF8B}.Release|x64.Deploy.0 = Release|x64
		{623B8560-660B-4D13-9853-7244DCD7DF8B}.Release|x86.ActiveCfg = Release|x86
		{623B8560-660B-4D13-9853-7244DCD7DF8B}.Release|x86.Build.0 = Release|x86
		{623B8560-660B-4D13-9853-7244DCD7DF8B}.Release|x86.Deploy.0 = Release|x86
		{A903441D-E7DE-447F-A8B1-1890B8293175}.Debug|ARM.ActiveCfg = Debug|ARM
		{A903441D-E7DE-447F-A8B1-1890B8293175}.Debug|ARM.Build.0 = Debug|ARM
		{A903441D-E7DE-447F-A8B1-1890B8293175}.Debug|ARM.Deploy.0 = Debug|ARM
		{A903441D-E7DE-447F-A8B1-1890B8293175}.Debug|x64.ActiveCfg = Debug|x64
		{A903441D-E7DE-447F-A8B1-1890B8293175}.Debug|x64.Build.0 = Debug|x64
		{A903441D-E7DE-447F-A8B1-1890B8293175}.Debug|x64.Deploy.0 = Debug|x64
		{A903441D-E7DE-447F-A8B1-1890B8293175}.Debug|x86.ActiveCfg = Debug|x86
		{A903441D-E7DE-447F-A8B1-1890B8293175}.Debug|x86.Build.0 = Debug|x86
		{A903441D-E7DE-447F-A8B1-1890B8293175}.Debug|x86.Deploy.0 = Debug|x86
		{A903441D-E7DE-447F-A8B1-1890B8293175}.Release|ARM.ActiveCfg = Release|ARM
		{A903441D-E7DE-447F-A8B1-1890B8293175}.Release|ARM.Build.0 = Release|ARM
		{A903441D-E7DE-447F-A8B1-1890B8293175}.Release|ARM.Deploy.0 = Release|ARM
		{A903441D-E7DE-447F-A8B1-1890B8293175}.Release|x64.ActiveCfg = Release|x64
		{A903441D-E7DE-447F-A8B1-1890B8293175}.Release|x64.Build.0 = Release|x64
		{A903441D-E7DE-447F-A8B1-1890B8293175}.Release|x64.Deploy.0 = Release|x64
		{A903441D-E7DE-447F-A8B1-1890B8293175}.Release|x86.ActiveCfg = Release|x86
		{A903441D-E7DE-447F-A8B1-1890B8293175}.Release|x86.Build.0 = Release|x86
		{A903441D-E7DE-447F-A8B1-1890B8293175}.Release|x86.Deploy.0 = Release|x86
	EndGlobalSection
	GlobalSection(SolutionProperties) = preSolution
		HideSolutionNode = FALSE
	EndGlobalSection
EndGlobal
