
Microsoft Visual Studio Solution File, Format Version 12.00
# Visual Studio 14
VisualStudioVersion = 14.0.24720.0
MinimumVisualStudioVersion = 10.0.40219.1
Project("{FAE04EC0-301F-11D3-BF4B-00C04F79EFBC}") = "3. ParallelFor", "ParallelFor\3. ParallelFor.csproj", "{7F4CB6EE-1B7B-4A34-B830-1D2732DA57CB}"
EndProject
Project("{FAE04EC0-301F-11D3-BF4B-00C04F79EFBC}") = "4. ParallelForEach", "ParallelForEach\4. ParallelForEach.csproj", "{B4C07EBC-6233-462A-9692-8F979D6CD254}"
EndProject
Project("{FAE04EC0-301F-11D3-BF4B-00C04F79EFBC}") = "5. ParallelForLocalVariablesCalculatingSubsetSums", "ParallelForLocalVariablesCalculatingSubsetSums\5. ParallelForLocalVariablesCalculatingSubsetSums.csproj", "{021C8CE5-26F8-4421-9894-B3FF8BD5C43A}"
EndProject
Project("{FAE04EC0-301F-11D3-BF4B-00C04F79EFBC}") = "6. ExceptionsInParallelLoops", "ExceptionsInParallelLoops\6. ExceptionsInParallelLoops.csproj", "{FD6407E7-5B2A-47C6-B2C7-9269FB1D6E1B}"
EndProject
Project("{FAE04EC0-301F-11D3-BF4B-00C04F79EFBC}") = "9. UsingBuiltInAsyncMethods", "UsingBuiltInAsyncMethods\9. UsingBuiltInAsyncMethods.csproj", "{53FD1E91-EAE2-4804-926C-4D78F5B2F8B7}"
EndProject
Project("{FAE04EC0-301F-11D3-BF4B-00C04F79EFBC}") = "2. SyncProgrammingProblems", "SyncProgrammingProblems\2. SyncProgrammingProblems.csproj", "{41DE72A9-DD90-460A-8B3A-AEF211FEC6B0}"
EndProject
Project("{FAE04EC0-301F-11D3-BF4B-00C04F79EFBC}") = "1. SyncResourceAccessProblems", "SyncResourceAccessProblems\1. SyncResourceAccessProblems.csproj", "{1FA2A290-268E-4866-B8C5-44BBD3EE17DB}"
EndProject
Project("{FAE04EC0-301F-11D3-BF4B-00C04F79EFBC}") = "3.1 ParallelForImageManipulation", "ParallelForImageManipulation\3.1 ParallelForImageManipulation.csproj", "{B1A2D227-5D10-4AB9-B942-0F75A90D35B7}"
EndProject
Project("{FAE04EC0-301F-11D3-BF4B-00C04F79EFBC}") = "6.1 ExceptionsInParallelLoopsHandling", "ExceptionsInParallelForeachHandling\6.1 ExceptionsInParallelLoopsHandling.csproj", "{122740C7-2BE6-475B-8DB8-3352D252B008}"
EndProject
Project("{FAE04EC0-301F-11D3-BF4B-00C04F79EFBC}") = "2.1 SyncProgrammingProblemsImageFlipper", "SyncProgrammingProblemsImageFlipper\2.1 SyncProgrammingProblemsImageFlipper.csproj", "{243C0E21-7D93-4770-80C9-3C8C14C38335}"
EndProject
Project("{FAE04EC0-301F-11D3-BF4B-00C04F79EFBC}") = "7. RaceConditionsSalesSum", "RaceConditionsSalesSum\7. RaceConditionsSalesSum.csproj", "{7DB825CA-E0C0-4D46-8E0C-E06AC33E67BB}"
EndProject
Project("{FAE04EC0-301F-11D3-BF4B-00C04F79EFBC}") = "7.1 RaceConditionSalesSumWithLocking", "RaceConditionSalesSumWithLocking\7.1 RaceConditionSalesSumWithLocking.csproj", "{16B48582-3482-4B77-A529-DE680378A29A}"
EndProject
Project("{FAE04EC0-301F-11D3-BF4B-00C04F79EFBC}") = "8. CreatingAndContinuingTasks", "CreatingAndContinuingTasks\8. CreatingAndContinuingTasks.csproj", "{F185CACE-9C7B-48F0-AC4E-5ABFD94D3417}"
EndProject
Project("{FAE04EC0-301F-11D3-BF4B-00C04F79EFBC}") = "1.1 SyncResourceAccessProblemsUWP", "SyncResourceAccessProblemsUWP\1.1 SyncResourceAccessProblemsUWP.csproj", "{9CBEA4F4-B0B2-4CBB-B166-C82DF6AD619E}"
EndProject
Project("{FAE04EC0-301F-11D3-BF4B-00C04F79EFBC}") = "7.5 Deadlocks", "Deadlocks\7.5 Deadlocks.csproj", "{42F44A9A-98AC-400C-BC11-2C94F9D56E5E}"
EndProject
Project("{FAE04EC0-301F-11D3-BF4B-00C04F79EFBC}") = "8.1 TasksWithExceptionHandling", "TasksWithExceptionHandling\8.1 TasksWithExceptionHandling.csproj", "{F7005A89-1B07-4F6A-A173-C0715A198721}"
EndProject
Project("{FAE04EC0-301F-11D3-BF4B-00C04F79EFBC}") = "9.1 SquareRootDemoWithAsyncAndAwait", "SquareRootDemoWithAsyncAndAwait\9.1 SquareRootDemoWithAsyncAndAwait.csproj", "{E0A10966-082A-4E7E-A4B4-351CB0FE69BC}"
EndProject
Project("{FAE04EC0-301F-11D3-BF4B-00C04F79EFBC}") = "9.2 AsyncResourceAccessUWP", "AsyncResourceAccessUWP\9.2 AsyncResourceAccessUWP.csproj", "{39902F99-37C7-47D4-80F4-50208C4E53A1}"
EndProject
Global
	GlobalSection(SolutionConfigurationPlatforms) = preSolution
		Debug|Any CPU = Debug|Any CPU
		Debug|ARM = Debug|ARM
		Debug|x64 = Debug|x64
		Debug|x86 = Debug|x86
		Release|Any CPU = Release|Any CPU
		Release|ARM = Release|ARM
		Release|x64 = Release|x64
		Release|x86 = Release|x86
	EndGlobalSection
	GlobalSection(ProjectConfigurationPlatforms) = postSolution
		{7F4CB6EE-1B7B-4A34-B830-1D2732DA57CB}.Debug|Any CPU.ActiveCfg = Debug|Any CPU
		{7F4CB6EE-1B7B-4A34-B830-1D2732DA57CB}.Debug|Any CPU.Build.0 = Debug|Any CPU
		{7F4CB6EE-1B7B-4A34-B830-1D2732DA57CB}.Debug|ARM.ActiveCfg = Debug|Any CPU
		{7F4CB6EE-1B7B-4A34-B830-1D2732DA57CB}.Debug|ARM.Build.0 = Debug|Any CPU
		{7F4CB6EE-1B7B-4A34-B830-1D2732DA57CB}.Debug|x64.ActiveCfg = Debug|Any CPU
		{7F4CB6EE-1B7B-4A34-B830-1D2732DA57CB}.Debug|x64.Build.0 = Debug|Any CPU
		{7F4CB6EE-1B7B-4A34-B830-1D2732DA57CB}.Debug|x86.ActiveCfg = Debug|Any CPU
		{7F4CB6EE-1B7B-4A34-B830-1D2732DA57CB}.Debug|x86.Build.0 = Debug|Any CPU
		{7F4CB6EE-1B7B-4A34-B830-1D2732DA57CB}.Release|Any CPU.ActiveCfg = Release|Any CPU
		{7F4CB6EE-1B7B-4A34-B830-1D2732DA57CB}.Release|Any CPU.Build.0 = Release|Any CPU
		{7F4CB6EE-1B7B-4A34-B830-1D2732DA57CB}.Release|ARM.ActiveCfg = Release|Any CPU
		{7F4CB6EE-1B7B-4A34-B830-1D2732DA57CB}.Release|ARM.Build.0 = Release|Any CPU
		{7F4CB6EE-1B7B-4A34-B830-1D2732DA57CB}.Release|x64.ActiveCfg = Release|Any CPU
		{7F4CB6EE-1B7B-4A34-B830-1D2732DA57CB}.Release|x64.Build.0 = Release|Any CPU
		{7F4CB6EE-1B7B-4A34-B830-1D2732DA57CB}.Release|x86.ActiveCfg = Release|Any CPU
		{7F4CB6EE-1B7B-4A34-B830-1D2732DA57CB}.Release|x86.Build.0 = Release|Any CPU
		{B4C07EBC-6233-462A-9692-8F979D6CD254}.Debug|Any CPU.ActiveCfg = Debug|Any CPU
		{B4C07EBC-6233-462A-9692-8F979D6CD254}.Debug|Any CPU.Build.0 = Debug|Any CPU
		{B4C07EBC-6233-462A-9692-8F979D6CD254}.Debug|ARM.ActiveCfg = Debug|Any CPU
		{B4C07EBC-6233-462A-9692-8F979D6CD254}.Debug|ARM.Build.0 = Debug|Any CPU
		{B4C07EBC-6233-462A-9692-8F979D6CD254}.Debug|x64.ActiveCfg = Debug|Any CPU
		{B4C07EBC-6233-462A-9692-8F979D6CD254}.Debug|x64.Build.0 = Debug|Any CPU
		{B4C07EBC-6233-462A-9692-8F979D6CD254}.Debug|x86.ActiveCfg = Debug|Any CPU
		{B4C07EBC-6233-462A-9692-8F979D6CD254}.Debug|x86.Build.0 = Debug|Any CPU
		{B4C07EBC-6233-462A-9692-8F979D6CD254}.Release|Any CPU.ActiveCfg = Release|Any CPU
		{B4C07EBC-6233-462A-9692-8F979D6CD254}.Release|Any CPU.Build.0 = Release|Any CPU
		{B4C07EBC-6233-462A-9692-8F979D6CD254}.Release|ARM.ActiveCfg = Release|Any CPU
		{B4C07EBC-6233-462A-9692-8F979D6CD254}.Release|ARM.Build.0 = Release|Any CPU
		{B4C07EBC-6233-462A-9692-8F979D6CD254}.Release|x64.ActiveCfg = Release|Any CPU
		{B4C07EBC-6233-462A-9692-8F979D6CD254}.Release|x64.Build.0 = Release|Any CPU
		{B4C07EBC-6233-462A-9692-8F979D6CD254}.Release|x86.ActiveCfg = Release|Any CPU
		{B4C07EBC-6233-462A-9692-8F979D6CD254}.Release|x86.Build.0 = Release|Any CPU
		{021C8CE5-26F8-4421-9894-B3FF8BD5C43A}.Debug|Any CPU.ActiveCfg = Debug|Any CPU
		{021C8CE5-26F8-4421-9894-B3FF8BD5C43A}.Debug|Any CPU.Build.0 = Debug|Any CPU
		{021C8CE5-26F8-4421-9894-B3FF8BD5C43A}.Debug|ARM.ActiveCfg = Debug|Any CPU
		{021C8CE5-26F8-4421-9894-B3FF8BD5C43A}.Debug|ARM.Build.0 = Debug|Any CPU
		{021C8CE5-26F8-4421-9894-B3FF8BD5C43A}.Debug|x64.ActiveCfg = Debug|Any CPU
		{021C8CE5-26F8-4421-9894-B3FF8BD5C43A}.Debug|x64.Build.0 = Debug|Any CPU
		{021C8CE5-26F8-4421-9894-B3FF8BD5C43A}.Debug|x86.ActiveCfg = Debug|Any CPU
		{021C8CE5-26F8-4421-9894-B3FF8BD5C43A}.Debug|x86.Build.0 = Debug|Any CPU
		{021C8CE5-26F8-4421-9894-B3FF8BD5C43A}.Release|Any CPU.ActiveCfg = Release|Any CPU
		{021C8CE5-26F8-4421-9894-B3FF8BD5C43A}.Release|Any CPU.Build.0 = Release|Any CPU
		{021C8CE5-26F8-4421-9894-B3FF8BD5C43A}.Release|ARM.ActiveCfg = Release|Any CPU
		{021C8CE5-26F8-4421-9894-B3FF8BD5C43A}.Release|ARM.Build.0 = Release|Any CPU
		{021C8CE5-26F8-4421-9894-B3FF8BD5C43A}.Release|x64.ActiveCfg = Release|Any CPU
		{021C8CE5-26F8-4421-9894-B3FF8BD5C43A}.Release|x64.Build.0 = Release|Any CPU
		{021C8CE5-26F8-4421-9894-B3FF8BD5C43A}.Release|x86.ActiveCfg = Release|Any CPU
		{021C8CE5-26F8-4421-9894-B3FF8BD5C43A}.Release|x86.Build.0 = Release|Any CPU
		{FD6407E7-5B2A-47C6-B2C7-9269FB1D6E1B}.Debug|Any CPU.ActiveCfg = Debug|Any CPU
		{FD6407E7-5B2A-47C6-B2C7-9269FB1D6E1B}.Debug|Any CPU.Build.0 = Debug|Any CPU
		{FD6407E7-5B2A-47C6-B2C7-9269FB1D6E1B}.Debug|ARM.ActiveCfg = Debug|Any CPU
		{FD6407E7-5B2A-47C6-B2C7-9269FB1D6E1B}.Debug|ARM.Build.0 = Debug|Any CPU
		{FD6407E7-5B2A-47C6-B2C7-9269FB1D6E1B}.Debug|x64.ActiveCfg = Debug|Any CPU
		{FD6407E7-5B2A-47C6-B2C7-9269FB1D6E1B}.Debug|x64.Build.0 = Debug|Any CPU
		{FD6407E7-5B2A-47C6-B2C7-9269FB1D6E1B}.Debug|x86.ActiveCfg = Debug|Any CPU
		{FD6407E7-5B2A-47C6-B2C7-9269FB1D6E1B}.Debug|x86.Build.0 = Debug|Any CPU
		{FD6407E7-5B2A-47C6-B2C7-9269FB1D6E1B}.Release|Any CPU.ActiveCfg = Release|Any CPU
		{FD6407E7-5B2A-47C6-B2C7-9269FB1D6E1B}.Release|Any CPU.Build.0 = Release|Any CPU
		{FD6407E7-5B2A-47C6-B2C7-9269FB1D6E1B}.Release|ARM.ActiveCfg = Release|Any CPU
		{FD6407E7-5B2A-47C6-B2C7-9269FB1D6E1B}.Release|ARM.Build.0 = Release|Any CPU
		{FD6407E7-5B2A-47C6-B2C7-9269FB1D6E1B}.Release|x64.ActiveCfg = Release|Any CPU
		{FD6407E7-5B2A-47C6-B2C7-9269FB1D6E1B}.Release|x64.Build.0 = Release|Any CPU
		{FD6407E7-5B2A-47C6-B2C7-9269FB1D6E1B}.Release|x86.ActiveCfg = Release|Any CPU
		{FD6407E7-5B2A-47C6-B2C7-9269FB1D6E1B}.Release|x86.Build.0 = Release|Any CPU
		{53FD1E91-EAE2-4804-926C-4D78F5B2F8B7}.Debug|Any CPU.ActiveCfg = Debug|Any CPU
		{53FD1E91-EAE2-4804-926C-4D78F5B2F8B7}.Debug|Any CPU.Build.0 = Debug|Any CPU
		{53FD1E91-EAE2-4804-926C-4D78F5B2F8B7}.Debug|ARM.ActiveCfg = Debug|Any CPU
		{53FD1E91-EAE2-4804-926C-4D78F5B2F8B7}.Debug|ARM.Build.0 = Debug|Any CPU
		{53FD1E91-EAE2-4804-926C-4D78F5B2F8B7}.Debug|x64.ActiveCfg = Debug|Any CPU
		{53FD1E91-EAE2-4804-926C-4D78F5B2F8B7}.Debug|x64.Build.0 = Debug|Any CPU
		{53FD1E91-EAE2-4804-926C-4D78F5B2F8B7}.Debug|x86.ActiveCfg = Debug|Any CPU
		{53FD1E91-EAE2-4804-926C-4D78F5B2F8B7}.Debug|x86.Build.0 = Debug|Any CPU
		{53FD1E91-EAE2-4804-926C-4D78F5B2F8B7}.Release|Any CPU.ActiveCfg = Release|Any CPU
		{53FD1E91-EAE2-4804-926C-4D78F5B2F8B7}.Release|Any CPU.Build.0 = Release|Any CPU
		{53FD1E91-EAE2-4804-926C-4D78F5B2F8B7}.Release|ARM.ActiveCfg = Release|Any CPU
		{53FD1E91-EAE2-4804-926C-4D78F5B2F8B7}.Release|ARM.Build.0 = Release|Any CPU
		{53FD1E91-EAE2-4804-926C-4D78F5B2F8B7}.Release|x64.ActiveCfg = Release|Any CPU
		{53FD1E91-EAE2-4804-926C-4D78F5B2F8B7}.Release|x64.Build.0 = Release|Any CPU
		{53FD1E91-EAE2-4804-926C-4D78F5B2F8B7}.Release|x86.ActiveCfg = Release|Any CPU
		{53FD1E91-EAE2-4804-926C-4D78F5B2F8B7}.Release|x86.Build.0 = Release|Any CPU
		{41DE72A9-DD90-460A-8B3A-AEF211FEC6B0}.Debug|Any CPU.ActiveCfg = Debug|Any CPU
		{41DE72A9-DD90-460A-8B3A-AEF211FEC6B0}.Debug|Any CPU.Build.0 = Debug|Any CPU
		{41DE72A9-DD90-460A-8B3A-AEF211FEC6B0}.Debug|ARM.ActiveCfg = Debug|Any CPU
		{41DE72A9-DD90-460A-8B3A-AEF211FEC6B0}.Debug|ARM.Build.0 = Debug|Any CPU
		{41DE72A9-DD90-460A-8B3A-AEF211FEC6B0}.Debug|x64.ActiveCfg = Debug|Any CPU
		{41DE72A9-DD90-460A-8B3A-AEF211FEC6B0}.Debug|x64.Build.0 = Debug|Any CPU
		{41DE72A9-DD90-460A-8B3A-AEF211FEC6B0}.Debug|x86.ActiveCfg = Debug|Any CPU
		{41DE72A9-DD90-460A-8B3A-AEF211FEC6B0}.Debug|x86.Build.0 = Debug|Any CPU
		{41DE72A9-DD90-460A-8B3A-AEF211FEC6B0}.Release|Any CPU.ActiveCfg = Release|Any CPU
		{41DE72A9-DD90-460A-8B3A-AEF211FEC6B0}.Release|Any CPU.Build.0 = Release|Any CPU
		{41DE72A9-DD90-460A-8B3A-AEF211FEC6B0}.Release|ARM.ActiveCfg = Release|Any CPU
		{41DE72A9-DD90-460A-8B3A-AEF211FEC6B0}.Release|ARM.Build.0 = Release|Any CPU
		{41DE72A9-DD90-460A-8B3A-AEF211FEC6B0}.Release|x64.ActiveCfg = Release|Any CPU
		{41DE72A9-DD90-460A-8B3A-AEF211FEC6B0}.Release|x64.Build.0 = Release|Any CPU
		{41DE72A9-DD90-460A-8B3A-AEF211FEC6B0}.Release|x86.ActiveCfg = Release|Any CPU
		{41DE72A9-DD90-460A-8B3A-AEF211FEC6B0}.Release|x86.Build.0 = Release|Any CPU
		{1FA2A290-268E-4866-B8C5-44BBD3EE17DB}.Debug|Any CPU.ActiveCfg = Debug|Any CPU
		{1FA2A290-268E-4866-B8C5-44BBD3EE17DB}.Debug|Any CPU.Build.0 = Debug|Any CPU
		{1FA2A290-268E-4866-B8C5-44BBD3EE17DB}.Debug|ARM.ActiveCfg = Debug|Any CPU
		{1FA2A290-268E-4866-B8C5-44BBD3EE17DB}.Debug|ARM.Build.0 = Debug|Any CPU
		{1FA2A290-268E-4866-B8C5-44BBD3EE17DB}.Debug|x64.ActiveCfg = Debug|Any CPU
		{1FA2A290-268E-4866-B8C5-44BBD3EE17DB}.Debug|x64.Build.0 = Debug|Any CPU
		{1FA2A290-268E-4866-B8C5-44BBD3EE17DB}.Debug|x86.ActiveCfg = Debug|Any CPU
		{1FA2A290-268E-4866-B8C5-44BBD3EE17DB}.Debug|x86.Build.0 = Debug|Any CPU
		{1FA2A290-268E-4866-B8C5-44BBD3EE17DB}.Release|Any CPU.ActiveCfg = Release|Any CPU
		{1FA2A290-268E-4866-B8C5-44BBD3EE17DB}.Release|Any CPU.Build.0 = Release|Any CPU
		{1FA2A290-268E-4866-B8C5-44BBD3EE17DB}.Release|ARM.ActiveCfg = Release|Any CPU
		{1FA2A290-268E-4866-B8C5-44BBD3EE17DB}.Release|ARM.Build.0 = Release|Any CPU
		{1FA2A290-268E-4866-B8C5-44BBD3EE17DB}.Release|x64.ActiveCfg = Release|Any CPU
		{1FA2A290-268E-4866-B8C5-44BBD3EE17DB}.Release|x64.Build.0 = Release|Any CPU
		{1FA2A290-268E-4866-B8C5-44BBD3EE17DB}.Release|x86.ActiveCfg = Release|Any CPU
		{1FA2A290-268E-4866-B8C5-44BBD3EE17DB}.Release|x86.Build.0 = Release|Any CPU
		{B1A2D227-5D10-4AB9-B942-0F75A90D35B7}.Debug|Any CPU.ActiveCfg = Debug|Any CPU
		{B1A2D227-5D10-4AB9-B942-0F75A90D35B7}.Debug|Any CPU.Build.0 = Debug|Any CPU
		{B1A2D227-5D10-4AB9-B942-0F75A90D35B7}.Debug|ARM.ActiveCfg = Debug|Any CPU
		{B1A2D227-5D10-4AB9-B942-0F75A90D35B7}.Debug|ARM.Build.0 = Debug|Any CPU
		{B1A2D227-5D10-4AB9-B942-0F75A90D35B7}.Debug|x64.ActiveCfg = Debug|Any CPU
		{B1A2D227-5D10-4AB9-B942-0F75A90D35B7}.Debug|x64.Build.0 = Debug|Any CPU
		{B1A2D227-5D10-4AB9-B942-0F75A90D35B7}.Debug|x86.ActiveCfg = Debug|Any CPU
		{B1A2D227-5D10-4AB9-B942-0F75A90D35B7}.Debug|x86.Build.0 = Debug|Any CPU
		{B1A2D227-5D10-4AB9-B942-0F75A90D35B7}.Release|Any CPU.ActiveCfg = Release|Any CPU
		{B1A2D227-5D10-4AB9-B942-0F75A90D35B7}.Release|Any CPU.Build.0 = Release|Any CPU
		{B1A2D227-5D10-4AB9-B942-0F75A90D35B7}.Release|ARM.ActiveCfg = Release|Any CPU
		{B1A2D227-5D10-4AB9-B942-0F75A90D35B7}.Release|ARM.Build.0 = Release|Any CPU
		{B1A2D227-5D10-4AB9-B942-0F75A90D35B7}.Release|x64.ActiveCfg = Release|Any CPU
		{B1A2D227-5D10-4AB9-B942-0F75A90D35B7}.Release|x64.Build.0 = Release|Any CPU
		{B1A2D227-5D10-4AB9-B942-0F75A90D35B7}.Release|x86.ActiveCfg = Release|Any CPU
		{B1A2D227-5D10-4AB9-B942-0F75A90D35B7}.Release|x86.Build.0 = Release|Any CPU
		{122740C7-2BE6-475B-8DB8-3352D252B008}.Debug|Any CPU.ActiveCfg = Debug|Any CPU
		{122740C7-2BE6-475B-8DB8-3352D252B008}.Debug|Any CPU.Build.0 = Debug|Any CPU
		{122740C7-2BE6-475B-8DB8-3352D252B008}.Debug|ARM.ActiveCfg = Debug|Any CPU
		{122740C7-2BE6-475B-8DB8-3352D252B008}.Debug|ARM.Build.0 = Debug|Any CPU
		{122740C7-2BE6-475B-8DB8-3352D252B008}.Debug|x64.ActiveCfg = Debug|Any CPU
		{122740C7-2BE6-475B-8DB8-3352D252B008}.Debug|x64.Build.0 = Debug|Any CPU
		{122740C7-2BE6-475B-8DB8-3352D252B008}.Debug|x86.ActiveCfg = Debug|Any CPU
		{122740C7-2BE6-475B-8DB8-3352D252B008}.Debug|x86.Build.0 = Debug|Any CPU
		{122740C7-2BE6-475B-8DB8-3352D252B008}.Release|Any CPU.ActiveCfg = Release|Any CPU
		{122740C7-2BE6-475B-8DB8-3352D252B008}.Release|Any CPU.Build.0 = Release|Any CPU
		{122740C7-2BE6-475B-8DB8-3352D252B008}.Release|ARM.ActiveCfg = Release|Any CPU
		{122740C7-2BE6-475B-8DB8-3352D252B008}.Release|ARM.Build.0 = Release|Any CPU
		{122740C7-2BE6-475B-8DB8-3352D252B008}.Release|x64.ActiveCfg = Release|Any CPU
		{122740C7-2BE6-475B-8DB8-3352D252B008}.Release|x64.Build.0 = Release|Any CPU
		{122740C7-2BE6-475B-8DB8-3352D252B008}.Release|x86.ActiveCfg = Release|Any CPU
		{122740C7-2BE6-475B-8DB8-3352D252B008}.Release|x86.Build.0 = Release|Any CPU
		{243C0E21-7D93-4770-80C9-3C8C14C38335}.Debug|Any CPU.ActiveCfg = Debug|Any CPU
		{243C0E21-7D93-4770-80C9-3C8C14C38335}.Debug|Any CPU.Build.0 = Debug|Any CPU
		{243C0E21-7D93-4770-80C9-3C8C14C38335}.Debug|ARM.ActiveCfg = Debug|Any CPU
		{243C0E21-7D93-4770-80C9-3C8C14C38335}.Debug|ARM.Build.0 = Debug|Any CPU
		{243C0E21-7D93-4770-80C9-3C8C14C38335}.Debug|x64.ActiveCfg = Debug|Any CPU
		{243C0E21-7D93-4770-80C9-3C8C14C38335}.Debug|x64.Build.0 = Debug|Any CPU
		{243C0E21-7D93-4770-80C9-3C8C14C38335}.Debug|x86.ActiveCfg = Debug|Any CPU
		{243C0E21-7D93-4770-80C9-3C8C14C38335}.Debug|x86.Build.0 = Debug|Any CPU
		{243C0E21-7D93-4770-80C9-3C8C14C38335}.Release|Any CPU.ActiveCfg = Release|Any CPU
		{243C0E21-7D93-4770-80C9-3C8C14C38335}.Release|Any CPU.Build.0 = Release|Any CPU
		{243C0E21-7D93-4770-80C9-3C8C14C38335}.Release|ARM.ActiveCfg = Release|Any CPU
		{243C0E21-7D93-4770-80C9-3C8C14C38335}.Release|ARM.Build.0 = Release|Any CPU
		{243C0E21-7D93-4770-80C9-3C8C14C38335}.Release|x64.ActiveCfg = Release|Any CPU
		{243C0E21-7D93-4770-80C9-3C8C14C38335}.Release|x64.Build.0 = Release|Any CPU
		{243C0E21-7D93-4770-80C9-3C8C14C38335}.Release|x86.ActiveCfg = Release|Any CPU
		{243C0E21-7D93-4770-80C9-3C8C14C38335}.Release|x86.Build.0 = Release|Any CPU
		{7DB825CA-E0C0-4D46-8E0C-E06AC33E67BB}.Debug|Any CPU.ActiveCfg = Debug|Any CPU
		{7DB825CA-E0C0-4D46-8E0C-E06AC33E67BB}.Debug|Any CPU.Build.0 = Debug|Any CPU
		{7DB825CA-E0C0-4D46-8E0C-E06AC33E67BB}.Debug|ARM.ActiveCfg = Debug|Any CPU
		{7DB825CA-E0C0-4D46-8E0C-E06AC33E67BB}.Debug|ARM.Build.0 = Debug|Any CPU
		{7DB825CA-E0C0-4D46-8E0C-E06AC33E67BB}.Debug|x64.ActiveCfg = Debug|Any CPU
		{7DB825CA-E0C0-4D46-8E0C-E06AC33E67BB}.Debug|x64.Build.0 = Debug|Any CPU
		{7DB825CA-E0C0-4D46-8E0C-E06AC33E67BB}.Debug|x86.ActiveCfg = Debug|Any CPU
		{7DB825CA-E0C0-4D46-8E0C-E06AC33E67BB}.Debug|x86.Build.0 = Debug|Any CPU
		{7DB825CA-E0C0-4D46-8E0C-E06AC33E67BB}.Release|Any CPU.ActiveCfg = Release|Any CPU
		{7DB825CA-E0C0-4D46-8E0C-E06AC33E67BB}.Release|Any CPU.Build.0 = Release|Any CPU
		{7DB825CA-E0C0-4D46-8E0C-E06AC33E67BB}.Release|ARM.ActiveCfg = Release|Any CPU
		{7DB825CA-E0C0-4D46-8E0C-E06AC33E67BB}.Release|ARM.Build.0 = Release|Any CPU
		{7DB825CA-E0C0-4D46-8E0C-E06AC33E67BB}.Release|x64.ActiveCfg = Release|Any CPU
		{7DB825CA-E0C0-4D46-8E0C-E06AC33E67BB}.Release|x64.Build.0 = Release|Any CPU
		{7DB825CA-E0C0-4D46-8E0C-E06AC33E67BB}.Release|x86.ActiveCfg = Release|Any CPU
		{7DB825CA-E0C0-4D46-8E0C-E06AC33E67BB}.Release|x86.Build.0 = Release|Any CPU
		{16B48582-3482-4B77-A529-DE680378A29A}.Debug|Any CPU.ActiveCfg = Debug|Any CPU
		{16B48582-3482-4B77-A529-DE680378A29A}.Debug|Any CPU.Build.0 = Debug|Any CPU
		{16B48582-3482-4B77-A529-DE680378A29A}.Debug|ARM.ActiveCfg = Debug|Any CPU
		{16B48582-3482-4B77-A529-DE680378A29A}.Debug|ARM.Build.0 = Debug|Any CPU
		{16B48582-3482-4B77-A529-DE680378A29A}.Debug|x64.ActiveCfg = Debug|Any CPU
		{16B48582-3482-4B77-A529-DE680378A29A}.Debug|x64.Build.0 = Debug|Any CPU
		{16B48582-3482-4B77-A529-DE680378A29A}.Debug|x86.ActiveCfg = Debug|Any CPU
		{16B48582-3482-4B77-A529-DE680378A29A}.Debug|x86.Build.0 = Debug|Any CPU
		{16B48582-3482-4B77-A529-DE680378A29A}.Release|Any CPU.ActiveCfg = Release|Any CPU
		{16B48582-3482-4B77-A529-DE680378A29A}.Release|Any CPU.Build.0 = Release|Any CPU
		{16B48582-3482-4B77-A529-DE680378A29A}.Release|ARM.ActiveCfg = Release|Any CPU
		{16B48582-3482-4B77-A529-DE680378A29A}.Release|ARM.Build.0 = Release|Any CPU
		{16B48582-3482-4B77-A529-DE680378A29A}.Release|x64.ActiveCfg = Release|Any CPU
		{16B48582-3482-4B77-A529-DE680378A29A}.Release|x64.Build.0 = Release|Any CPU
		{16B48582-3482-4B77-A529-DE680378A29A}.Release|x86.ActiveCfg = Release|Any CPU
		{16B48582-3482-4B77-A529-DE680378A29A}.Release|x86.Build.0 = Release|Any CPU
		{F185CACE-9C7B-48F0-AC4E-5ABFD94D3417}.Debug|Any CPU.ActiveCfg = Debug|Any CPU
		{F185CACE-9C7B-48F0-AC4E-5ABFD94D3417}.Debug|Any CPU.Build.0 = Debug|Any CPU
		{F185CACE-9C7B-48F0-AC4E-5ABFD94D3417}.Debug|ARM.ActiveCfg = Debug|Any CPU
		{F185CACE-9C7B-48F0-AC4E-5ABFD94D3417}.Debug|ARM.Build.0 = Debug|Any CPU
		{F185CACE-9C7B-48F0-AC4E-5ABFD94D3417}.Debug|x64.ActiveCfg = Debug|Any CPU
		{F185CACE-9C7B-48F0-AC4E-5ABFD94D3417}.Debug|x64.Build.0 = Debug|Any CPU
		{F185CACE-9C7B-48F0-AC4E-5ABFD94D3417}.Debug|x86.ActiveCfg = Debug|Any CPU
		{F185CACE-9C7B-48F0-AC4E-5ABFD94D3417}.Debug|x86.Build.0 = Debug|Any CPU
		{F185CACE-9C7B-48F0-AC4E-5ABFD94D3417}.Release|Any CPU.ActiveCfg = Release|Any CPU
		{F185CACE-9C7B-48F0-AC4E-5ABFD94D3417}.Release|Any CPU.Build.0 = Release|Any CPU
		{F185CACE-9C7B-48F0-AC4E-5ABFD94D3417}.Release|ARM.ActiveCfg = Release|Any CPU
		{F185CACE-9C7B-48F0-AC4E-5ABFD94D3417}.Release|ARM.Build.0 = Release|Any CPU
		{F185CACE-9C7B-48F0-AC4E-5ABFD94D3417}.Release|x64.ActiveCfg = Release|Any CPU
		{F185CACE-9C7B-48F0-AC4E-5ABFD94D3417}.Release|x64.Build.0 = Release|Any CPU
		{F185CACE-9C7B-48F0-AC4E-5ABFD94D3417}.Release|x86.ActiveCfg = Release|Any CPU
		{F185CACE-9C7B-48F0-AC4E-5ABFD94D3417}.Release|x86.Build.0 = Release|Any CPU
		{9CBEA4F4-B0B2-4CBB-B166-C82DF6AD619E}.Debug|Any CPU.ActiveCfg = Debug|x86
		{9CBEA4F4-B0B2-4CBB-B166-C82DF6AD619E}.Debug|Any CPU.Build.0 = Debug|x86
		{9CBEA4F4-B0B2-4CBB-B166-C82DF6AD619E}.Debug|Any CPU.Deploy.0 = Debug|x86
		{9CBEA4F4-B0B2-4CBB-B166-C82DF6AD619E}.Debug|ARM.ActiveCfg = Debug|ARM
		{9CBEA4F4-B0B2-4CBB-B166-C82DF6AD619E}.Debug|ARM.Build.0 = Debug|ARM
		{9CBEA4F4-B0B2-4CBB-B166-C82DF6AD619E}.Debug|ARM.Deploy.0 = Debug|ARM
		{9CBEA4F4-B0B2-4CBB-B166-C82DF6AD619E}.Debug|x64.ActiveCfg = Debug|x64
		{9CBEA4F4-B0B2-4CBB-B166-C82DF6AD619E}.Debug|x64.Build.0 = Debug|x64
		{9CBEA4F4-B0B2-4CBB-B166-C82DF6AD619E}.Debug|x64.Deploy.0 = Debug|x64
		{9CBEA4F4-B0B2-4CBB-B166-C82DF6AD619E}.Debug|x86.ActiveCfg = Debug|x86
		{9CBEA4F4-B0B2-4CBB-B166-C82DF6AD619E}.Debug|x86.Build.0 = Debug|x86
		{9CBEA4F4-B0B2-4CBB-B166-C82DF6AD619E}.Debug|x86.Deploy.0 = Debug|x86
		{9CBEA4F4-B0B2-4CBB-B166-C82DF6AD619E}.Release|Any CPU.ActiveCfg = Release|x86
		{9CBEA4F4-B0B2-4CBB-B166-C82DF6AD619E}.Release|Any CPU.Build.0 = Release|x86
		{9CBEA4F4-B0B2-4CBB-B166-C82DF6AD619E}.Release|Any CPU.Deploy.0 = Release|x86
		{9CBEA4F4-B0B2-4CBB-B166-C82DF6AD619E}.Release|ARM.ActiveCfg = Release|ARM
		{9CBEA4F4-B0B2-4CBB-B166-C82DF6AD619E}.Release|ARM.Build.0 = Release|ARM
		{9CBEA4F4-B0B2-4CBB-B166-C82DF6AD619E}.Release|ARM.Deploy.0 = Release|ARM
		{9CBEA4F4-B0B2-4CBB-B166-C82DF6AD619E}.Release|x64.ActiveCfg = Release|x64
		{9CBEA4F4-B0B2-4CBB-B166-C82DF6AD619E}.Release|x64.Build.0 = Release|x64
		{9CBEA4F4-B0B2-4CBB-B166-C82DF6AD619E}.Release|x64.Deploy.0 = Release|x64
		{9CBEA4F4-B0B2-4CBB-B166-C82DF6AD619E}.Release|x86.ActiveCfg = Release|x86
		{9CBEA4F4-B0B2-4CBB-B166-C82DF6AD619E}.Release|x86.Build.0 = Release|x86
		{9CBEA4F4-B0B2-4CBB-B166-C82DF6AD619E}.Release|x86.Deploy.0 = Release|x86
		{42F44A9A-98AC-400C-BC11-2C94F9D56E5E}.Debug|Any CPU.ActiveCfg = Debug|Any CPU
		{42F44A9A-98AC-400C-BC11-2C94F9D56E5E}.Debug|Any CPU.Build.0 = Debug|Any CPU
		{42F44A9A-98AC-400C-BC11-2C94F9D56E5E}.Debug|ARM.ActiveCfg = Debug|Any CPU
		{42F44A9A-98AC-400C-BC11-2C94F9D56E5E}.Debug|ARM.Build.0 = Debug|Any CPU
		{42F44A9A-98AC-400C-BC11-2C94F9D56E5E}.Debug|x64.ActiveCfg = Debug|Any CPU
		{42F44A9A-98AC-400C-BC11-2C94F9D56E5E}.Debug|x64.Build.0 = Debug|Any CPU
		{42F44A9A-98AC-400C-BC11-2C94F9D56E5E}.Debug|x86.ActiveCfg = Debug|Any CPU
		{42F44A9A-98AC-400C-BC11-2C94F9D56E5E}.Debug|x86.Build.0 = Debug|Any CPU
		{42F44A9A-98AC-400C-BC11-2C94F9D56E5E}.Release|Any CPU.ActiveCfg = Release|Any CPU
		{42F44A9A-98AC-400C-BC11-2C94F9D56E5E}.Release|Any CPU.Build.0 = Release|Any CPU
		{42F44A9A-98AC-400C-BC11-2C94F9D56E5E}.Release|ARM.ActiveCfg = Release|Any CPU
		{42F44A9A-98AC-400C-BC11-2C94F9D56E5E}.Release|ARM.Build.0 = Release|Any CPU
		{42F44A9A-98AC-400C-BC11-2C94F9D56E5E}.Release|x64.ActiveCfg = Release|Any CPU
		{42F44A9A-98AC-400C-BC11-2C94F9D56E5E}.Release|x64.Build.0 = Release|Any CPU
		{42F44A9A-98AC-400C-BC11-2C94F9D56E5E}.Release|x86.ActiveCfg = Release|Any CPU
		{42F44A9A-98AC-400C-BC11-2C94F9D56E5E}.Release|x86.Build.0 = Release|Any CPU
		{F7005A89-1B07-4F6A-A173-C0715A198721}.Debug|Any CPU.ActiveCfg = Debug|Any CPU
		{F7005A89-1B07-4F6A-A173-C0715A198721}.Debug|Any CPU.Build.0 = Debug|Any CPU
		{F7005A89-1B07-4F6A-A173-C0715A198721}.Debug|ARM.ActiveCfg = Debug|Any CPU
		{F7005A89-1B07-4F6A-A173-C0715A198721}.Debug|ARM.Build.0 = Debug|Any CPU
		{F7005A89-1B07-4F6A-A173-C0715A198721}.Debug|x64.ActiveCfg = Debug|Any CPU
		{F7005A89-1B07-4F6A-A173-C0715A198721}.Debug|x64.Build.0 = Debug|Any CPU
		{F7005A89-1B07-4F6A-A173-C0715A198721}.Debug|x86.ActiveCfg = Debug|Any CPU
		{F7005A89-1B07-4F6A-A173-C0715A198721}.Debug|x86.Build.0 = Debug|Any CPU
		{F7005A89-1B07-4F6A-A173-C0715A198721}.Release|Any CPU.ActiveCfg = Release|Any CPU
		{F7005A89-1B07-4F6A-A173-C0715A198721}.Release|Any CPU.Build.0 = Release|Any CPU
		{F7005A89-1B07-4F6A-A173-C0715A198721}.Release|ARM.ActiveCfg = Release|Any CPU
		{F7005A89-1B07-4F6A-A173-C0715A198721}.Release|ARM.Build.0 = Release|Any CPU
		{F7005A89-1B07-4F6A-A173-C0715A198721}.Release|x64.ActiveCfg = Release|Any CPU
		{F7005A89-1B07-4F6A-A173-C0715A198721}.Release|x64.Build.0 = Release|Any CPU
		{F7005A89-1B07-4F6A-A173-C0715A198721}.Release|x86.ActiveCfg = Release|Any CPU
		{F7005A89-1B07-4F6A-A173-C0715A198721}.Release|x86.Build.0 = Release|Any CPU
		{E0A10966-082A-4E7E-A4B4-351CB0FE69BC}.Debug|Any CPU.ActiveCfg = Debug|Any CPU
		{E0A10966-082A-4E7E-A4B4-351CB0FE69BC}.Debug|Any CPU.Build.0 = Debug|Any CPU
		{E0A10966-082A-4E7E-A4B4-351CB0FE69BC}.Debug|ARM.ActiveCfg = Debug|Any CPU
		{E0A10966-082A-4E7E-A4B4-351CB0FE69BC}.Debug|ARM.Build.0 = Debug|Any CPU
		{E0A10966-082A-4E7E-A4B4-351CB0FE69BC}.Debug|x64.ActiveCfg = Debug|Any CPU
		{E0A10966-082A-4E7E-A4B4-351CB0FE69BC}.Debug|x64.Build.0 = Debug|Any CPU
		{E0A10966-082A-4E7E-A4B4-351CB0FE69BC}.Debug|x86.ActiveCfg = Debug|Any CPU
		{E0A10966-082A-4E7E-A4B4-351CB0FE69BC}.Debug|x86.Build.0 = Debug|Any CPU
		{E0A10966-082A-4E7E-A4B4-351CB0FE69BC}.Release|Any CPU.ActiveCfg = Release|Any CPU
		{E0A10966-082A-4E7E-A4B4-351CB0FE69BC}.Release|Any CPU.Build.0 = Release|Any CPU
		{E0A10966-082A-4E7E-A4B4-351CB0FE69BC}.Release|ARM.ActiveCfg = Release|Any CPU
		{E0A10966-082A-4E7E-A4B4-351CB0FE69BC}.Release|ARM.Build.0 = Release|Any CPU
		{E0A10966-082A-4E7E-A4B4-351CB0FE69BC}.Release|x64.ActiveCfg = Release|Any CPU
		{E0A10966-082A-4E7E-A4B4-351CB0FE69BC}.Release|x64.Build.0 = Release|Any CPU
		{E0A10966-082A-4E7E-A4B4-351CB0FE69BC}.Release|x86.ActiveCfg = Release|Any CPU
		{E0A10966-082A-4E7E-A4B4-351CB0FE69BC}.Release|x86.Build.0 = Release|Any CPU
		{39902F99-37C7-47D4-80F4-50208C4E53A1}.Debug|Any CPU.ActiveCfg = Debug|x86
		{39902F99-37C7-47D4-80F4-50208C4E53A1}.Debug|Any CPU.Build.0 = Debug|x86
		{39902F99-37C7-47D4-80F4-50208C4E53A1}.Debug|Any CPU.Deploy.0 = Debug|x86
		{39902F99-37C7-47D4-80F4-50208C4E53A1}.Debug|ARM.ActiveCfg = Debug|ARM
		{39902F99-37C7-47D4-80F4-50208C4E53A1}.Debug|ARM.Build.0 = Debug|ARM
		{39902F99-37C7-47D4-80F4-50208C4E53A1}.Debug|ARM.Deploy.0 = Debug|ARM
		{39902F99-37C7-47D4-80F4-50208C4E53A1}.Debug|x64.ActiveCfg = Debug|x64
		{39902F99-37C7-47D4-80F4-50208C4E53A1}.Debug|x64.Build.0 = Debug|x64
		{39902F99-37C7-47D4-80F4-50208C4E53A1}.Debug|x64.Deploy.0 = Debug|x64
		{39902F99-37C7-47D4-80F4-50208C4E53A1}.Debug|x86.ActiveCfg = Debug|x86
		{39902F99-37C7-47D4-80F4-50208C4E53A1}.Debug|x86.Build.0 = Debug|x86
		{39902F99-37C7-47D4-80F4-50208C4E53A1}.Debug|x86.Deploy.0 = Debug|x86
		{39902F99-37C7-47D4-80F4-50208C4E53A1}.Release|Any CPU.ActiveCfg = Release|x86
		{39902F99-37C7-47D4-80F4-50208C4E53A1}.Release|ARM.ActiveCfg = Release|ARM
		{39902F99-37C7-47D4-80F4-50208C4E53A1}.Release|ARM.Build.0 = Release|ARM
		{39902F99-37C7-47D4-80F4-50208C4E53A1}.Release|ARM.Deploy.0 = Release|ARM
		{39902F99-37C7-47D4-80F4-50208C4E53A1}.Release|x64.ActiveCfg = Release|x64
		{39902F99-37C7-47D4-80F4-50208C4E53A1}.Release|x64.Build.0 = Release|x64
		{39902F99-37C7-47D4-80F4-50208C4E53A1}.Release|x64.Deploy.0 = Release|x64
		{39902F99-37C7-47D4-80F4-50208C4E53A1}.Release|x86.ActiveCfg = Release|x86
		{39902F99-37C7-47D4-80F4-50208C4E53A1}.Release|x86.Build.0 = Release|x86
		{39902F99-37C7-47D4-80F4-50208C4E53A1}.Release|x86.Deploy.0 = Release|x86
	EndGlobalSection
	GlobalSection(SolutionProperties) = preSolution
		HideSolutionNode = FALSE
	EndGlobalSection
EndGlobal
